// !$*UTF8*$!
{
	archiveVersion = 1;
	classes = {
	};
	objectVersion = 54;
	objects = {

/* Begin PBXBuildFile section */
		13B07FBF1A68108700A75B9A /* Images.xcassets in Resources */ = {isa = PBXBuildFile; fileRef = 13B07FB51A68108700A75B9A /* Images.xcassets */; };
		15A67121682A4BBA919CF67D /* KohinoorLatin-Bold-BF63c76513f09da.otf in Resources */ = {isa = PBXBuildFile; fileRef = 1FA81E938B55439DBD07771E /* KohinoorLatin-Bold-BF63c76513f09da.otf */; };
		28BEF399F9384060B40F20AC /* KohinoorLatin-BlackItalic-BF63c76510c5583.otf in Resources */ = {isa = PBXBuildFile; fileRef = 003CA60E6E5149B8B4FAE1DE /* KohinoorLatin-BlackItalic-BF63c76510c5583.otf */; };
		30BE2A7F6E3E41E2A659279E /* KohinoorLatin-Book-BF63c76513e60f1.otf in Resources */ = {isa = PBXBuildFile; fileRef = F2F69098C3B94E4296786459 /* KohinoorLatin-Book-BF63c76513e60f1.otf */; };
		35628E07976A4D48B6273051 /* KohinoorLatin-Demi-BF63c765144638d.otf in Resources */ = {isa = PBXBuildFile; fileRef = 39F4542F846A4576B072DDE2 /* KohinoorLatin-Demi-BF63c765144638d.otf */; };
		56DA73E67B0D40D98B215B0B /* KohinoorLatin-LightItalic-BF63c7651347850.otf in Resources */ = {isa = PBXBuildFile; fileRef = D4900239CA754BFB89388E72 /* KohinoorLatin-LightItalic-BF63c7651347850.otf */; };
		6EB14252100048C687601D3B /* KohinoorLatin-Light-BF63c76513209af.otf in Resources */ = {isa = PBXBuildFile; fileRef = E6938FD340F644B18D9453DC /* KohinoorLatin-Light-BF63c76513209af.otf */; };
		708F70BDA6062A0D8405BEBE /* libPods-SmartCarBooking.a in Frameworks */ = {isa = PBXBuildFile; fileRef = 7976D3DCC837B3490DB0ED90 /* libPods-SmartCarBooking.a */; };
		761780ED2CA45674006654EE /* AppDelegate.swift in Sources */ = {isa = PBXBuildFile; fileRef = 761780EC2CA45674006654EE /* AppDelegate.swift */; };
		7AF6626837504CC198B27F9A /* KohinoorLatin-BookItalic-BF63c76513bc679.otf in Resources */ = {isa = PBXBuildFile; fileRef = F165B5A2171A4BF1BF52B50A /* KohinoorLatin-BookItalic-BF63c76513bc679.otf */; };
		81AB9BB82411601600AC10FF /* LaunchScreen.storyboard in Resources */ = {isa = PBXBuildFile; fileRef = 81AB9BB72411601600AC10FF /* LaunchScreen.storyboard */; };
		89EE17263CC5486993A93324 /* KohinoorLatin-Black-BF63c76510c679a.otf in Resources */ = {isa = PBXBuildFile; fileRef = 57E04BABC5B243159748D088 /* KohinoorLatin-Black-BF63c76510c679a.otf */; };
		91C84CBA6207418B9AE4B9F2 /* KohinoorLatin-MediumItalic-BF63c76513cfcb2.otf in Resources */ = {isa = PBXBuildFile; fileRef = BD213BED0F6A46E5A76B0709 /* KohinoorLatin-MediumItalic-BF63c76513cfcb2.otf */; };
		92B492361A074E339B107540 /* KohinoorLatin-BoldItalic-BF63c7651386cfd.otf in Resources */ = {isa = PBXBuildFile; fileRef = 9A6BBDD08483402DBE8AF7DA /* KohinoorLatin-BoldItalic-BF63c7651386cfd.otf */; };
		95E7447BAECF4EDC82534A76 /* KohinoorLatin-DemiItalic-BF63c7651389346.otf in Resources */ = {isa = PBXBuildFile; fileRef = 1E8DF2ADF02647978ED9F79F /* KohinoorLatin-DemiItalic-BF63c7651389346.otf */; };
		AF38EEA97D094EB48671103B /* KohinoorLatin-Medium-BF63c76513dba4c.otf in Resources */ = {isa = PBXBuildFile; fileRef = 8ED581F6458446A089E684F4 /* KohinoorLatin-Medium-BF63c76513dba4c.otf */; };
		B0192806838AFB6278B13BF8 /* PrivacyInfo.xcprivacy in Resources */ = {isa = PBXBuildFile; fileRef = 13B07FB81A68108700A75B9A /* PrivacyInfo.xcprivacy */; };
/* End PBXBuildFile section */

/* Begin PBXFileReference section */
		003CA60E6E5149B8B4FAE1DE /* KohinoorLatin-BlackItalic-BF63c76510c5583.otf */ = {isa = PBXFileReference; explicitFileType = undefined; fileEncoding = undefined; includeInIndex = 0; lastKnownFileType = unknown; name = "KohinoorLatin-BlackItalic-BF63c76510c5583.otf"; path = "../assets/fonts/KohinoorLatin-BlackItalic-BF63c76510c5583.otf"; sourceTree = "<group>"; };
		13B07F961A680F5B00A75B9A /* SmartCarBooking.app */ = {isa = PBXFileReference; explicitFileType = wrapper.application; includeInIndex = 0; path = SmartCarBooking.app; sourceTree = BUILT_PRODUCTS_DIR; };
		13B07FB51A68108700A75B9A /* Images.xcassets */ = {isa = PBXFileReference; lastKnownFileType = folder.assetcatalog; name = Images.xcassets; path = SmartCarBooking/Images.xcassets; sourceTree = "<group>"; };
		13B07FB61A68108700A75B9A /* Info.plist */ = {isa = PBXFileReference; fileEncoding = 4; lastKnownFileType = text.plist.xml; name = Info.plist; path = SmartCarBooking/Info.plist; sourceTree = "<group>"; };
		13B07FB81A68108700A75B9A /* PrivacyInfo.xcprivacy */ = {isa = PBXFileReference; fileEncoding = 4; lastKnownFileType = text.plist.xml; name = PrivacyInfo.xcprivacy; path = SmartCarBooking/PrivacyInfo.xcprivacy; sourceTree = "<group>"; };
		1E8DF2ADF02647978ED9F79F /* KohinoorLatin-DemiItalic-BF63c7651389346.otf */ = {isa = PBXFileReference; explicitFileType = undefined; fileEncoding = undefined; includeInIndex = 0; lastKnownFileType = unknown; name = "KohinoorLatin-DemiItalic-BF63c7651389346.otf"; path = "../assets/fonts/KohinoorLatin-DemiItalic-BF63c7651389346.otf"; sourceTree = "<group>"; };
		1FA81E938B55439DBD07771E /* KohinoorLatin-Bold-BF63c76513f09da.otf */ = {isa = PBXFileReference; explicitFileType = undefined; fileEncoding = undefined; includeInIndex = 0; lastKnownFileType = unknown; name = "KohinoorLatin-Bold-BF63c76513f09da.otf"; path = "../assets/fonts/KohinoorLatin-Bold-BF63c76513f09da.otf"; sourceTree = "<group>"; };
		39F4542F846A4576B072DDE2 /* KohinoorLatin-Demi-BF63c765144638d.otf */ = {isa = PBXFileReference; explicitFileType = undefined; fileEncoding = undefined; includeInIndex = 0; lastKnownFileType = unknown; name = "KohinoorLatin-Demi-BF63c765144638d.otf"; path = "../assets/fonts/KohinoorLatin-Demi-BF63c765144638d.otf"; sourceTree = "<group>"; };
		57E04BABC5B243159748D088 /* KohinoorLatin-Black-BF63c76510c679a.otf */ = {isa = PBXFileReference; explicitFileType = undefined; fileEncoding = undefined; includeInIndex = 0; lastKnownFileType = unknown; name = "KohinoorLatin-Black-BF63c76510c679a.otf"; path = "../assets/fonts/KohinoorLatin-Black-BF63c76510c679a.otf"; sourceTree = "<group>"; };
		5CFD3A6F0B4140337C925244 /* Pods-SmartCarBooking.debug.xcconfig */ = {isa = PBXFileReference; includeInIndex = 1; lastKnownFileType = text.xcconfig; name = "Pods-SmartCarBooking.debug.xcconfig"; path = "Target Support Files/Pods-SmartCarBooking/Pods-SmartCarBooking.debug.xcconfig"; sourceTree = "<group>"; };
		761780EC2CA45674006654EE /* AppDelegate.swift */ = {isa = PBXFileReference; lastKnownFileType = sourcecode.swift; name = AppDelegate.swift; path = SmartCarBooking/AppDelegate.swift; sourceTree = "<group>"; };
		7976D3DCC837B3490DB0ED90 /* libPods-SmartCarBooking.a */ = {isa = PBXFileReference; explicitFileType = archive.ar; includeInIndex = 0; path = "libPods-SmartCarBooking.a"; sourceTree = BUILT_PRODUCTS_DIR; };
		81AB9BB72411601600AC10FF /* LaunchScreen.storyboard */ = {isa = PBXFileReference; fileEncoding = 4; lastKnownFileType = file.storyboard; name = LaunchScreen.storyboard; path = SmartCarBooking/LaunchScreen.storyboard; sourceTree = "<group>"; };
		8ED581F6458446A089E684F4 /* KohinoorLatin-Medium-BF63c76513dba4c.otf */ = {isa = PBXFileReference; explicitFileType = undefined; fileEncoding = undefined; includeInIndex = 0; lastKnownFileType = unknown; name = "KohinoorLatin-Medium-BF63c76513dba4c.otf"; path = "../assets/fonts/KohinoorLatin-Medium-BF63c76513dba4c.otf"; sourceTree = "<group>"; };
		9A6BBDD08483402DBE8AF7DA /* KohinoorLatin-BoldItalic-BF63c7651386cfd.otf */ = {isa = PBXFileReference; explicitFileType = undefined; fileEncoding = undefined; includeInIndex = 0; lastKnownFileType = unknown; name = "KohinoorLatin-BoldItalic-BF63c7651386cfd.otf"; path = "../assets/fonts/KohinoorLatin-BoldItalic-BF63c7651386cfd.otf"; sourceTree = "<group>"; };
		BD213BED0F6A46E5A76B0709 /* KohinoorLatin-MediumItalic-BF63c76513cfcb2.otf */ = {isa = PBXFileReference; explicitFileType = undefined; fileEncoding = undefined; includeInIndex = 0; lastKnownFileType = unknown; name = "KohinoorLatin-MediumItalic-BF63c76513cfcb2.otf"; path = "../assets/fonts/KohinoorLatin-MediumItalic-BF63c76513cfcb2.otf"; sourceTree = "<group>"; };
		D4900239CA754BFB89388E72 /* KohinoorLatin-LightItalic-BF63c7651347850.otf */ = {isa = PBXFileReference; explicitFileType = undefined; fileEncoding = undefined; includeInIndex = 0; lastKnownFileType = unknown; name = "KohinoorLatin-LightItalic-BF63c7651347850.otf"; path = "../assets/fonts/KohinoorLatin-LightItalic-BF63c7651347850.otf"; sourceTree = "<group>"; };
		E6938FD340F644B18D9453DC /* KohinoorLatin-Light-BF63c76513209af.otf */ = {isa = PBXFileReference; explicitFileType = undefined; fileEncoding = undefined; includeInIndex = 0; lastKnownFileType = unknown; name = "KohinoorLatin-Light-BF63c76513209af.otf"; path = "../assets/fonts/KohinoorLatin-Light-BF63c76513209af.otf"; sourceTree = "<group>"; };
		EB94AE4BA086E58ECA44E7FD /* Pods-SmartCarBooking.release.xcconfig */ = {isa = PBXFileReference; includeInIndex = 1; lastKnownFileType = text.xcconfig; name = "Pods-SmartCarBooking.release.xcconfig"; path = "Target Support Files/Pods-SmartCarBooking/Pods-SmartCarBooking.release.xcconfig"; sourceTree = "<group>"; };
		ED297162215061F000B7C4FE /* JavaScriptCore.framework */ = {isa = PBXFileReference; lastKnownFileType = wrapper.framework; name = JavaScriptCore.framework; path = System/Library/Frameworks/JavaScriptCore.framework; sourceTree = SDKROOT; };
		F165B5A2171A4BF1BF52B50A /* KohinoorLatin-BookItalic-BF63c76513bc679.otf */ = {isa = PBXFileReference; explicitFileType = undefined; fileEncoding = undefined; includeInIndex = 0; lastKnownFileType = unknown; name = "KohinoorLatin-BookItalic-BF63c76513bc679.otf"; path = "../assets/fonts/KohinoorLatin-BookItalic-BF63c76513bc679.otf"; sourceTree = "<group>"; };
		F2F69098C3B94E4296786459 /* KohinoorLatin-Book-BF63c76513e60f1.otf */ = {isa = PBXFileReference; explicitFileType = undefined; fileEncoding = undefined; includeInIndex = 0; lastKnownFileType = unknown; name = "KohinoorLatin-Book-BF63c76513e60f1.otf"; path = "../assets/fonts/KohinoorLatin-Book-BF63c76513e60f1.otf"; sourceTree = "<group>"; };
/* End PBXFileReference section */

/* Begin PBXFrameworksBuildPhase section */
		13B07F8C1A680F5B00A75B9A /* Frameworks */ = {
			isa = PBXFrameworksBuildPhase;
			buildActionMask = 2147483647;
			files = (
				708F70BDA6062A0D8405BEBE /* libPods-SmartCarBooking.a in Frameworks */,
			);
			runOnlyForDeploymentPostprocessing = 0;
		};
/* End PBXFrameworksBuildPhase section */

/* Begin PBXGroup section */
		13B07FAE1A68108700A75B9A /* SmartCarBooking */ = {
			isa = PBXGroup;
			children = (
				13B07FB51A68108700A75B9A /* Images.xcassets */,
				761780EC2CA45674006654EE /* AppDelegate.swift */,
				13B07FB61A68108700A75B9A /* Info.plist */,
				81AB9BB72411601600AC10FF /* LaunchScreen.storyboard */,
				13B07FB81A68108700A75B9A /* PrivacyInfo.xcprivacy */,
			);
			name = SmartCarBooking;
			sourceTree = "<group>";
		};
		2D16E6871FA4F8E400B85C8A /* Frameworks */ = {
			isa = PBXGroup;
			children = (
				ED297162215061F000B7C4FE /* JavaScriptCore.framework */,
				7976D3DCC837B3490DB0ED90 /* libPods-SmartCarBooking.a */,
			);
			name = Frameworks;
			sourceTree = "<group>";
		};
		832341AE1AAA6A7D00B99B32 /* Libraries */ = {
			isa = PBXGroup;
			children = (
			);
			name = Libraries;
			sourceTree = "<group>";
		};
		83CBB9F61A601CBA00E9B192 = {
			isa = PBXGroup;
			children = (
				13B07FAE1A68108700A75B9A /* SmartCarBooking */,
				832341AE1AAA6A7D00B99B32 /* Libraries */,
				83CBBA001A601CBA00E9B192 /* Products */,
				2D16E6871FA4F8E400B85C8A /* Frameworks */,
				BBD78D7AC51CEA395F1C20DB /* Pods */,
				CDB61EFA71004B699E2B0173 /* Resources */,
			);
			indentWidth = 2;
			sourceTree = "<group>";
			tabWidth = 2;
			usesTabs = 0;
		};
		83CBBA001A601CBA00E9B192 /* Products */ = {
			isa = PBXGroup;
			children = (
				13B07F961A680F5B00A75B9A /* SmartCarBooking.app */,
			);
			name = Products;
			sourceTree = "<group>";
		};
		BBD78D7AC51CEA395F1C20DB /* Pods */ = {
			isa = PBXGroup;
			children = (
				5CFD3A6F0B4140337C925244 /* Pods-SmartCarBooking.debug.xcconfig */,
				EB94AE4BA086E58ECA44E7FD /* Pods-SmartCarBooking.release.xcconfig */,
			);
			path = Pods;
			sourceTree = "<group>";
		};
		CDB61EFA71004B699E2B0173 /* Resources */ = {
			isa = PBXGroup;
			children = (
				57E04BABC5B243159748D088 /* KohinoorLatin-Black-BF63c76510c679a.otf */,
				003CA60E6E5149B8B4FAE1DE /* KohinoorLatin-BlackItalic-BF63c76510c5583.otf */,
				1FA81E938B55439DBD07771E /* KohinoorLatin-Bold-BF63c76513f09da.otf */,
				9A6BBDD08483402DBE8AF7DA /* KohinoorLatin-BoldItalic-BF63c7651386cfd.otf */,
				F2F69098C3B94E4296786459 /* KohinoorLatin-Book-BF63c76513e60f1.otf */,
				F165B5A2171A4BF1BF52B50A /* KohinoorLatin-BookItalic-BF63c76513bc679.otf */,
				39F4542F846A4576B072DDE2 /* KohinoorLatin-Demi-BF63c765144638d.otf */,
				1E8DF2ADF02647978ED9F79F /* KohinoorLatin-DemiItalic-BF63c7651389346.otf */,
				E6938FD340F644B18D9453DC /* KohinoorLatin-Light-BF63c76513209af.otf */,
				D4900239CA754BFB89388E72 /* KohinoorLatin-LightItalic-BF63c7651347850.otf */,
				8ED581F6458446A089E684F4 /* KohinoorLatin-Medium-BF63c76513dba4c.otf */,
				BD213BED0F6A46E5A76B0709 /* KohinoorLatin-MediumItalic-BF63c76513cfcb2.otf */,
			);
			name = Resources;
			path = "";
			sourceTree = "<group>";
		};
/* End PBXGroup section */

/* Begin PBXNativeTarget section */
		13B07F861A680F5B00A75B9A /* SmartCarBooking */ = {
			isa = PBXNativeTarget;
			buildConfigurationList = 13B07F931A680F5B00A75B9A /* Build configuration list for PBXNativeTarget "SmartCarBooking" */;
			buildPhases = (
				7C61B5AD1DB19C3665694783 /* [CP] Check Pods Manifest.lock */,
				13B07F871A680F5B00A75B9A /* Sources */,
				13B07F8C1A680F5B00A75B9A /* Frameworks */,
				13B07F8E1A680F5B00A75B9A /* Resources */,
				00DD1BFF1BD5951E006B06BC /* Bundle React Native code and images */,
				20B1941FB2C834C343D779D3 /* [CP] Embed Pods Frameworks */,
				09C03DBA4FC8BCE064C6E693 /* [CP] Copy Pods Resources */,
			);
			buildRules = (
			);
			dependencies = (
			);
			name = SmartCarBooking;
			productName = SmartCarBooking;
			productReference = 13B07F961A680F5B00A75B9A /* SmartCarBooking.app */;
			productType = "com.apple.product-type.application";
		};
/* End PBXNativeTarget section */

/* Begin PBXProject section */
		83CBB9F71A601CBA00E9B192 /* Project object */ = {
			isa = PBXProject;
			attributes = {
				LastUpgradeCheck = 1210;
				TargetAttributes = {
					13B07F861A680F5B00A75B9A = {
						LastSwiftMigration = 1120;
					};
				};
			};
			buildConfigurationList = 83CBB9FA1A601CBA00E9B192 /* Build configuration list for PBXProject "SmartCarBooking" */;
			compatibilityVersion = "Xcode 12.0";
			developmentRegion = en;
			hasScannedForEncodings = 0;
			knownRegions = (
				en,
				Base,
			);
			mainGroup = 83CBB9F61A601CBA00E9B192;
			productRefGroup = 83CBBA001A601CBA00E9B192 /* Products */;
			projectDirPath = "";
			projectRoot = "";
			targets = (
				13B07F861A680F5B00A75B9A /* SmartCarBooking */,
			);
		};
/* End PBXProject section */

/* Begin PBXResourcesBuildPhase section */
		13B07F8E1A680F5B00A75B9A /* Resources */ = {
			isa = PBXResourcesBuildPhase;
			buildActionMask = 2147483647;
			files = (
				81AB9BB82411601600AC10FF /* LaunchScreen.storyboard in Resources */,
				13B07FBF1A68108700A75B9A /* Images.xcassets in Resources */,
				89EE17263CC5486993A93324 /* KohinoorLatin-Black-BF63c76510c679a.otf in Resources */,
				28BEF399F9384060B40F20AC /* KohinoorLatin-BlackItalic-BF63c76510c5583.otf in Resources */,
				15A67121682A4BBA919CF67D /* KohinoorLatin-Bold-BF63c76513f09da.otf in Resources */,
				92B492361A074E339B107540 /* KohinoorLatin-BoldItalic-BF63c7651386cfd.otf in Resources */,
				30BE2A7F6E3E41E2A659279E /* KohinoorLatin-Book-BF63c76513e60f1.otf in Resources */,
				7AF6626837504CC198B27F9A /* KohinoorLatin-BookItalic-BF63c76513bc679.otf in Resources */,
				35628E07976A4D48B6273051 /* KohinoorLatin-Demi-BF63c765144638d.otf in Resources */,
				95E7447BAECF4EDC82534A76 /* KohinoorLatin-DemiItalic-BF63c7651389346.otf in Resources */,
				6EB14252100048C687601D3B /* KohinoorLatin-Light-BF63c76513209af.otf in Resources */,
				56DA73E67B0D40D98B215B0B /* KohinoorLatin-LightItalic-BF63c7651347850.otf in Resources */,
				AF38EEA97D094EB48671103B /* KohinoorLatin-Medium-BF63c76513dba4c.otf in Resources */,
				91C84CBA6207418B9AE4B9F2 /* KohinoorLatin-MediumItalic-BF63c76513cfcb2.otf in Resources */,
				B0192806838AFB6278B13BF8 /* PrivacyInfo.xcprivacy in Resources */,
			);
			runOnlyForDeploymentPostprocessing = 0;
		};
/* End PBXResourcesBuildPhase section */

/* Begin PBXShellScriptBuildPhase section */
		00DD1BFF1BD5951E006B06BC /* Bundle React Native code and images */ = {
			isa = PBXShellScriptBuildPhase;
			buildActionMask = 2147483647;
			files = (
			);
			inputPaths = (
				"$(SRCROOT)/.xcode.env.local",
				"$(SRCROOT)/.xcode.env",
			);
			name = "Bundle React Native code and images";
			outputPaths = (
			);
			runOnlyForDeploymentPostprocessing = 0;
			shellPath = /bin/sh;
			shellScript = "set -e\n\nWITH_ENVIRONMENT=\"$REACT_NATIVE_PATH/scripts/xcode/with-environment.sh\"\nREACT_NATIVE_XCODE=\"$REACT_NATIVE_PATH/scripts/react-native-xcode.sh\"\n\n/bin/sh -c \"$WITH_ENVIRONMENT $REACT_NATIVE_XCODE\"\n";
		};
		09C03DBA4FC8BCE064C6E693 /* [CP] Copy Pods Resources */ = {
			isa = PBXShellScriptBuildPhase;
			buildActionMask = 2147483647;
			files = (
			);
			inputFileListPaths = (
				"${PODS_ROOT}/Target Support Files/Pods-SmartCarBooking/Pods-SmartCarBooking-resources-${CONFIGURATION}-input-files.xcfilelist",
			);
			name = "[CP] Copy Pods Resources";
			outputFileListPaths = (
				"${PODS_ROOT}/Target Support Files/Pods-SmartCarBooking/Pods-SmartCarBooking-resources-${CONFIGURATION}-output-files.xcfilelist",
			);
			runOnlyForDeploymentPostprocessing = 0;
			shellPath = /bin/sh;
			shellScript = "\"${PODS_ROOT}/Target Support Files/Pods-SmartCarBooking/Pods-SmartCarBooking-resources.sh\"\n";
			showEnvVarsInLog = 0;
		};
		20B1941FB2C834C343D779D3 /* [CP] Embed Pods Frameworks */ = {
			isa = PBXShellScriptBuildPhase;
			buildActionMask = 2147483647;
			files = (
			);
			inputFileListPaths = (
				"${PODS_ROOT}/Target Support Files/Pods-SmartCarBooking/Pods-SmartCarBooking-frameworks-${CONFIGURATION}-input-files.xcfilelist",
			);
			name = "[CP] Embed Pods Frameworks";
			outputFileListPaths = (
				"${PODS_ROOT}/Target Support Files/Pods-SmartCarBooking/Pods-SmartCarBooking-frameworks-${CONFIGURATION}-output-files.xcfilelist",
			);
			runOnlyForDeploymentPostprocessing = 0;
			shellPath = /bin/sh;
			shellScript = "\"${PODS_ROOT}/Target Support Files/Pods-SmartCarBooking/Pods-SmartCarBooking-frameworks.sh\"\n";
			showEnvVarsInLog = 0;
		};
		7C61B5AD1DB19C3665694783 /* [CP] Check Pods Manifest.lock */ = {
			isa = PBXShellScriptBuildPhase;
			buildActionMask = 2147483647;
			files = (
			);
			inputFileListPaths = (
			);
			inputPaths = (
				"${PODS_PODFILE_DIR_PATH}/Podfile.lock",
				"${PODS_ROOT}/Manifest.lock",
			);
			name = "[CP] Check Pods Manifest.lock";
			outputFileListPaths = (
			);
			outputPaths = (
				"$(DERIVED_FILE_DIR)/Pods-SmartCarBooking-checkManifestLockResult.txt",
			);
			runOnlyForDeploymentPostprocessing = 0;
			shellPath = /bin/sh;
			shellScript = "diff \"${PODS_PODFILE_DIR_PATH}/Podfile.lock\" \"${PODS_ROOT}/Manifest.lock\" > /dev/null\nif [ $? != 0 ] ; then\n    # print error to STDERR\n    echo \"error: The sandbox is not in sync with the Podfile.lock. Run 'pod install' or update your CocoaPods installation.\" >&2\n    exit 1\nfi\n# This output is used by Xcode 'outputs' to avoid re-running this script phase.\necho \"SUCCESS\" > \"${SCRIPT_OUTPUT_FILE_0}\"\n";
			showEnvVarsInLog = 0;
		};
/* End PBXShellScriptBuildPhase section */

/* Begin PBXSourcesBuildPhase section */
		13B07F871A680F5B00A75B9A /* Sources */ = {
			isa = PBXSourcesBuildPhase;
			buildActionMask = 2147483647;
			files = (
				761780ED2CA45674006654EE /* AppDelegate.swift in Sources */,
			);
			runOnlyForDeploymentPostprocessing = 0;
		};
/* End PBXSourcesBuildPhase section */

/* Begin XCBuildConfiguration section */
		13B07F941A680F5B00A75B9A /* Debug */ = {
			isa = XCBuildConfiguration;
			baseConfigurationReference = 5CFD3A6F0B4140337C925244 /* Pods-SmartCarBooking.debug.xcconfig */;
			buildSettings = {
				ASSETCATALOG_COMPILER_APPICON_NAME = AppIcon;
				CLANG_ENABLE_MODULES = YES;
				CURRENT_PROJECT_VERSION = 1;
				ENABLE_BITCODE = NO;
				INFOPLIST_FILE = SmartCarBooking/Info.plist;
				IPHONEOS_DEPLOYMENT_TARGET = 15.1;
				LD_RUNPATH_SEARCH_PATHS = (
					"$(inherited)",
					"@executable_path/Frameworks",
				);
				MARKETING_VERSION = 1.0;
				OTHER_LDFLAGS = (
					"$(inherited)",
					"-ObjC",
					"-lc++",
				);
				PRODUCT_BUNDLE_IDENTIFIER = "org.reactjs.native.example.$(PRODUCT_NAME:rfc1034identifier)";
				PRODUCT_NAME = SmartCarBooking;
				SWIFT_OPTIMIZATION_LEVEL = "-Onone";
				SWIFT_VERSION = 5.0;
				VERSIONING_SYSTEM = "apple-generic";
			};
			name = Debug;
		};
		13B07F951A680F5B00A75B9A /* Release */ = {
			isa = XCBuildConfiguration;
			baseConfigurationReference = EB94AE4BA086E58ECA44E7FD /* Pods-SmartCarBooking.release.xcconfig */;
			buildSettings = {
				ASSETCATALOG_COMPILER_APPICON_NAME = AppIcon;
				CLANG_ENABLE_MODULES = YES;
				CURRENT_PROJECT_VERSION = 1;
				INFOPLIST_FILE = SmartCarBooking/Info.plist;
				IPHONEOS_DEPLOYMENT_TARGET = 15.1;
				LD_RUNPATH_SEARCH_PATHS = (
					"$(inherited)",
					"@executable_path/Frameworks",
				);
				MARKETING_VERSION = 1.0;
				OTHER_LDFLAGS = (
					"$(inherited)",
					"-ObjC",
					"-lc++",
				);
				PRODUCT_BUNDLE_IDENTIFIER = "org.reactjs.native.example.$(PRODUCT_NAME:rfc1034identifier)";
				PRODUCT_NAME = SmartCarBooking;
				SWIFT_VERSION = 5.0;
				VERSIONING_SYSTEM = "apple-generic";
			};
			name = Release;
		};
		83CBBA201A601CBA00E9B192 /* Debug */ = {
			isa = XCBuildConfiguration;
			buildSettings = {
				ALWAYS_SEARCH_USER_PATHS = NO;
				CLANG_ANALYZER_LOCALIZABILITY_NONLOCALIZED = YES;
				CLANG_CXX_LANGUAGE_STANDARD = "c++20";
				CLANG_CXX_LIBRARY = "libc++";
				CLANG_ENABLE_MODULES = YES;
				CLANG_ENABLE_OBJC_ARC = YES;
				CLANG_WARN_BLOCK_CAPTURE_AUTORELEASING = YES;
				CLANG_WARN_BOOL_CONVERSION = YES;
				CLANG_WARN_COMMA = YES;
				CLANG_WARN_CONSTANT_CONVERSION = YES;
				CLANG_WARN_DEPRECATED_OBJC_IMPLEMENTATIONS = YES;
				CLANG_WARN_DIRECT_OBJC_ISA_USAGE = YES_ERROR;
				CLANG_WARN_EMPTY_BODY = YES;
				CLANG_WARN_ENUM_CONVERSION = YES;
				CLANG_WARN_INFINITE_RECURSION = YES;
				CLANG_WARN_INT_CONVERSION = YES;
				CLANG_WARN_NON_LITERAL_NULL_CONVERSION = YES;
				CLANG_WARN_OBJC_IMPLICIT_RETAIN_SELF = YES;
				CLANG_WARN_OBJC_LITERAL_CONVERSION = YES;
				CLANG_WARN_OBJC_ROOT_CLASS = YES_ERROR;
				CLANG_WARN_QUOTED_INCLUDE_IN_FRAMEWORK_HEADER = YES;
				CLANG_WARN_RANGE_LOOP_ANALYSIS = YES;
				CLANG_WARN_STRICT_PROTOTYPES = YES;
				CLANG_WARN_SUSPICIOUS_MOVE = YES;
				CLANG_WARN_UNREACHABLE_CODE = YES;
				CLANG_WARN__DUPLICATE_METHOD_MATCH = YES;
				"CODE_SIGN_IDENTITY[sdk=iphoneos*]" = "iPhone Developer";
				COPY_PHASE_STRIP = NO;
				ENABLE_STRICT_OBJC_MSGSEND = YES;
				ENABLE_TESTABILITY = YES;
				"EXCLUDED_ARCHS[sdk=iphonesimulator*]" = "";
				GCC_C_LANGUAGE_STANDARD = gnu99;
				GCC_DYNAMIC_NO_PIC = NO;
				GCC_NO_COMMON_BLOCKS = YES;
				GCC_OPTIMIZATION_LEVEL = 0;
				GCC_PREPROCESSOR_DEFINITIONS = (
					"DEBUG=1",
					"$(inherited)",
				);
				GCC_SYMBOLS_PRIVATE_EXTERN = NO;
				GCC_WARN_64_TO_32_BIT_CONVERSION = YES;
				GCC_WARN_ABOUT_RETURN_TYPE = YES_ERROR;
				GCC_WARN_UNDECLARED_SELECTOR = YES;
				GCC_WARN_UNINITIALIZED_AUTOS = YES_AGGRESSIVE;
				GCC_WARN_UNUSED_FUNCTION = YES;
				GCC_WARN_UNUSED_VARIABLE = YES;
				IPHONEOS_DEPLOYMENT_TARGET = 15.1;
				LD_RUNPATH_SEARCH_PATHS = (
					/usr/lib/swift,
					"$(inherited)",
				);
				LIBRARY_SEARCH_PATHS = (
					"\"$(SDKROOT)/usr/lib/swift\"",
					"\"$(TOOLCHAIN_DIR)/usr/lib/swift/$(PLATFORM_NAME)\"",
					"\"$(inherited)\"",
				);
				MTL_ENABLE_DEBUG_INFO = YES;
				ONLY_ACTIVE_ARCH = YES;
				OTHER_CPLUSPLUSFLAGS = (
					"$(OTHER_CFLAGS)",
					"-DFOLLY_NO_CONFIG",
					"-DFOLLY_MOBILE=1",
					"-DFOLLY_USE_LIBCPP=1",
					"-DFOLLY_CFG_NO_COROUTINES=1",
					"-DFOLLY_HAVE_CLOCK_GETTIME=1",
				);
				REACT_NATIVE_PATH = "${PODS_ROOT}/../../node_modules/react-native";
				SDKROOT = iphoneos;
				SWIFT_ACTIVE_COMPILATION_CONDITIONS = "$(inherited) DEBUG";
				USE_HERMES = true;
			};
			name = Debug;
		};
		83CBBA211A601CBA00E9B192 /* Release */ = {
			isa = XCBuildConfiguration;
			buildSettings = {
				ALWAYS_SEARCH_USER_PATHS = NO;
				CLANG_ANALYZER_LOCALIZABILITY_NONLOCALIZED = YES;
				CLANG_CXX_LANGUAGE_STANDARD = "c++20";
				CLANG_CXX_LIBRARY = "libc++";
				CLANG_ENABLE_MODULES = YES;
				CLANG_ENABLE_OBJC_ARC = YES;
				CLANG_WARN_BLOCK_CAPTURE_AUTORELEASING = YES;
				CLANG_WARN_BOOL_CONVERSION = YES;
				CLANG_WARN_COMMA = YES;
				CLANG_WARN_CONSTANT_CONVERSION = YES;
				CLANG_WARN_DEPRECATED_OBJC_IMPLEMENTATIONS = YES;
				CLANG_WARN_DIRECT_OBJC_ISA_USAGE = YES_ERROR;
				CLANG_WARN_EMPTY_BODY = YES;
				CLANG_WARN_ENUM_CONVERSION = YES;
				CLANG_WARN_INFINITE_RECURSION = YES;
				CLANG_WARN_INT_CONVERSION = YES;
				CLANG_WARN_NON_LITERAL_NULL_CONVERSION = YES;
				CLANG_WARN_OBJC_IMPLICIT_RETAIN_SELF = YES;
				CLANG_WARN_OBJC_LITERAL_CONVERSION = YES;
				CLANG_WARN_OBJC_ROOT_CLASS = YES_ERROR;
				CLANG_WARN_QUOTED_INCLUDE_IN_FRAMEWORK_HEADER = YES;
				CLANG_WARN_RANGE_LOOP_ANALYSIS = YES;
				CLANG_WARN_STRICT_PROTOTYPES = YES;
				CLANG_WARN_SUSPICIOUS_MOVE = YES;
				CLANG_WARN_UNREACHABLE_CODE = YES;
				CLANG_WARN__DUPLICATE_METHOD_MATCH = YES;
				"CODE_SIGN_IDENTITY[sdk=iphoneos*]" = "iPhone Developer";
				COPY_PHASE_STRIP = YES;
				ENABLE_NS_ASSERTIONS = NO;
				ENABLE_STRICT_OBJC_MSGSEND = YES;
				"EXCLUDED_ARCHS[sdk=iphonesimulator*]" = "";
				GCC_C_LANGUAGE_STANDARD = gnu99;
				GCC_NO_COMMON_BLOCKS = YES;
				GCC_WARN_64_TO_32_BIT_CONVERSION = YES;
				GCC_WARN_ABOUT_RETURN_TYPE = YES_ERROR;
				GCC_WARN_UNDECLARED_SELECTOR = YES;
				GCC_WARN_UNINITIALIZED_AUTOS = YES_AGGRESSIVE;
				GCC_WARN_UNUSED_FUNCTION = YES;
				GCC_WARN_UNUSED_VARIABLE = YES;
				IPHONEOS_DEPLOYMENT_TARGET = 15.1;
				LD_RUNPATH_SEARCH_PATHS = (
					/usr/lib/swift,
					"$(inherited)",
				);
				LIBRARY_SEARCH_PATHS = (
					"\"$(SDKROOT)/usr/lib/swift\"",
					"\"$(TOOLCHAIN_DIR)/usr/lib/swift/$(PLATFORM_NAME)\"",
					"\"$(inherited)\"",
				);
				MTL_ENABLE_DEBUG_INFO = NO;
				OTHER_CPLUSPLUSFLAGS = (
					"$(OTHER_CFLAGS)",
					"-DFOLLY_NO_CONFIG",
					"-DFOLLY_MOBILE=1",
					"-DFOLLY_USE_LIBCPP=1",
					"-DFOLLY_CFG_NO_COROUTINES=1",
					"-DFOLLY_HAVE_CLOCK_GETTIME=1",
				);
				REACT_NATIVE_PATH = "${PODS_ROOT}/../../node_modules/react-native";
				SDKROOT = iphoneos;
				USE_HERMES = true;
				VALIDATE_PRODUCT = YES;
			};
			name = Release;
		};
/* End XCBuildConfiguration section */

/* Begin XCConfigurationList section */
		13B07F931A680F5B00A75B9A /* Build configuration list for PBXNativeTarget "SmartCarBooking" */ = {
			isa = XCConfigurationList;
			buildConfigurations = (
				13B07F941A680F5B00A75B9A /* Debug */,
				13B07F951A680F5B00A75B9A /* Release */,
			);
			defaultConfigurationIsVisible = 0;
			defaultConfigurationName = Release;
		};
		83CBB9FA1A601CBA00E9B192 /* Build configuration list for PBXProject "SmartCarBooking" */ = {
			isa = XCConfigurationList;
			buildConfigurations = (
				83CBBA201A601CBA00E9B192 /* Debug */,
				83CBBA211A601CBA00E9B192 /* Release */,
			);
			defaultConfigurationIsVisible = 0;
			defaultConfigurationName = Release;
		};
/* End XCConfigurationList section */
	};
	rootObject = 83CBB9F71A601CBA00E9B192 /* Project object */;
}
